
Microsoft Visual Studio Solution File, Format Version 12.00
# Visual Studio 15
VisualStudioVersion = 15.0.27825.0
MinimumVisualStudioVersion = 10.0.40219.1
Project("{FAE04EC0-301F-11D3-BF4B-00C04F79EFBC}") = "PEXTAS", "PEXTAS\PEXTAS.csproj", "{A9415F97-46DB-4FD3-AA33-C9144D15132B}"
EndProject
Global
	GlobalSection(SolutionConfigurationPlatforms) = preSolution
		Debug|Any CPU = Debug|Any CPU
		Release|Any CPU = Release|Any CPU
	EndGlobalSection
	GlobalSection(ProjectConfigurationPlatforms) = postSolution
		{A9415F97-46DB-4FD3-AA33-C9144D15132B}.Debug|Any CPU.ActiveCfg = Debug|Any CPU
		{A9415F97-46DB-4FD3-AA33-C9144D15132B}.Debug|Any CPU.Build.0 = Debug|Any CPU
		{A9415F97-46DB-4FD3-AA33-C9144D15132B}.Release|Any CPU.ActiveCfg = Release|Any CPU
		{A9415F97-46DB-4FD3-AA33-C9144D15132B}.Release|Any CPU.Build.0 = Release|Any CPU
	EndGlobalSection
	GlobalSection(SolutionProperties) = preSolution
		HideSolutionNode = FALSE
	EndGlobalSection
	GlobalSection(ExtensibilityGlobals) = postSolution
		SolutionGuid = {DC23EF58-D8C6-4DF3-94FF-3AC5F879465E}
	EndGlobalSection
EndGlobal
